PODS:
  - AFNetworking (3.1.0):
    - AFNetworking/NSURLSession (= 3.1.0)
    - AFNetworking/Reachability (= 3.1.0)
    - AFNetworking/Security (= 3.1.0)
    - AFNetworking/Serialization (= 3.1.0)
    - AFNetworking/UIKit (= 3.1.0)
  - AFNetworking/NSURLSession (3.1.0):
    - AFNetworking/Reachability
    - AFNetworking/Security
    - AFNetworking/Serialization
  - AFNetworking/Reachability (3.1.0)
  - AFNetworking/Security (3.1.0)
  - AFNetworking/Serialization (3.1.0)
  - AFNetworking/UIKit (3.1.0):
    - AFNetworking/NSURLSession
  - AKWeChatManager (0.1.0):
    - AFNetworking
    - AKWeChatSDK
  - AKWeChatSDK (0.1.0)

DEPENDENCIES:
  - AKWeChatManager (from `../`)
  - AKWeChatSDK (from `../../AKWeChatSDK`)

EXTERNAL SOURCES:
  AKWeChatManager:
    :path: ../
  AKWeChatSDK:
    :path: ../../AKWeChatSDK

SPEC CHECKSUMS:
  AFNetworking: 5e0e199f73d8626b11e79750991f5d173d1f8b67
  AKWeChatManager: bfa74b90b0f08d6d5730d72597009182e31d4869
  AKWeChatSDK: 9f14334f59207cec199ba957aad1793e0c317f1d

PODFILE CHECKSUM: c6c8c8450dfa14029b25a2de339c2b4ef5bc079f

COCOAPODS: 1.1.1
