PODS:
  - AFNetworking (3.1.0):
    - AFNetworking/NSURLSession (= 3.1.0)
    - AFNetworking/Reachability (= 3.1.0)
    - AFNetworking/Security (= 3.1.0)
    - AFNetworking/Serialization (= 3.1.0)
    - AFNetworking/UIKit (= 3.1.0)
  - AFNetworking/NSURLSession (3.1.0):
    - AFNetworking/Reachability
    - AFNetworking/Security
    - AFNetworking/Serialization
  - AFNetworking/Reachability (3.1.0)
  - AFNetworking/Security (3.1.0)
  - AFNetworking/Serialization (3.1.0)
  - AFNetworking/UIKit (3.1.0):
    - AFNetworking/NSURLSession
  - AKWeChatManager (0.1.0):
    - AFNetworking
    - AKWeChatSDK
  - AKWeChatSDK (0.1.0)

DEPENDENCIES:
  - AKWeChatManager (from `../`)
  - AKWeChatSDK (from `git@github.com:ArtisanKid/AKWeChatSDK.git`)

EXTERNAL SOURCES:
  AKWeChatManager:
    :path: ../
  AKWeChatSDK:
    :git: git@github.com:ArtisanKid/AKWeChatSDK.git

CHECKOUT OPTIONS:
  AKWeChatSDK:
    :commit: 9fbc61c87f2ec988d94b28e05f39acedfce28fd5
    :git: git@github.com:ArtisanKid/AKWeChatSDK.git

SPEC CHECKSUMS:
  AFNetworking: 5e0e199f73d8626b11e79750991f5d173d1f8b67
  AKWeChatManager: ac6d2bd88ebbaac09609f2166f5c123ce1bbe2e2
  AKWeChatSDK: 443a65f61dddaf2aebed38ceef49223e2e3b1e97

PODFILE CHECKSUM: 7973bf3b86569956d01caaa42235b8f65149c9e5

COCOAPODS: 1.2.1
