PODS:
  - AFNetworking (3.1.0):
    - AFNetworking/NSURLSession (= 3.1.0)
    - AFNetworking/Reachability (= 3.1.0)
    - AFNetworking/Security (= 3.1.0)
    - AFNetworking/Serialization (= 3.1.0)
    - AFNetworking/UIKit (= 3.1.0)
  - AFNetworking/NSURLSession (3.1.0):
    - AFNetworking/Reachability
    - AFNetworking/Security
    - AFNetworking/Serialization
  - AFNetworking/Reachability (3.1.0)
  - AFNetworking/Security (3.1.0)
  - AFNetworking/Serialization (3.1.0)
  - AFNetworking/UIKit (3.1.0):
    - AFNetworking/NSURLSession
  - AKWeChatManager (0.1.0):
    - AFNetworking
    - AKWeChatSDK
  - AKWeChatSDK (0.1.0)

DEPENDENCIES:
  - AKWeChatManager (from `../`)
  - AKWeChatSDK (from `../../AKWeChatSDK`)

EXTERNAL SOURCES:
  AKWeChatManager:
    :path: ../
  AKWeChatSDK:
    :path: ../../AKWeChatSDK

SPEC CHECKSUMS:
  AFNetworking: 5e0e199f73d8626b11e79750991f5d173d1f8b67
  AKWeChatManager: 3afdca798a327cdcc7cfe8fed2450383d136ef95
  AKWeChatSDK: 777c25ef040bfa99822be1633d77373762208b45

PODFILE CHECKSUM: c6c8c8450dfa14029b25a2de339c2b4ef5bc079f

COCOAPODS: 1.1.1
